
Microsoft Visual Studio Solution File, Format Version 15.00
# Visual Studio 2017
Project("{FAE04EC0-301F-11D3-BF4B-00C04F79EFBC}") = "Investips", "Investips.csproj", "{2A405E9C-1696-4E07-9880-D224FFBCB129}"
EndProject
Global
	GlobalSection(SolutionConfigurationPlatforms) = preSolution
		Debug|Any CPU = Debug|Any CPU
		Release|Any CPU = Release|Any CPU
	EndGlobalSection
	GlobalSection(ProjectConfigurationPlatforms) = postSolution
		{2A405E9C-1696-4E07-9880-D224FFBCB129}.Debug|Any CPU.ActiveCfg = Debug|Any CPU
		{2A405E9C-1696-4E07-9880-D224FFBCB129}.Debug|Any CPU.Build.0 = Debug|Any CPU
		{2A405E9C-1696-4E07-9880-D224FFBCB129}.Release|Any CPU.ActiveCfg = Release|Any CPU
		{2A405E9C-1696-4E07-9880-D224FFBCB129}.Release|Any CPU.Build.0 = Release|Any CPU
	EndGlobalSection
EndGlobal
